{
  "object": {
    "pins": [
      {
        "package": "FMake",
        "repositoryURL": "https://github.com/yury/FMake",
        "state": {
          "branch": null,
          "revision": "0b7c953a8d67de85da554e66bf4879ceb7fec725",
          "version": "0.0.2"
        }
      }
    ]
  },
  "version": 1
}
